
Microsoft Visual Studio Solution File, Format Version 12.00
# Visual Studio 15
VisualStudioVersion = 15.0.27703.2026
MinimumVisualStudioVersion = 10.0.40219.1
Project("{FAE04EC0-301F-11D3-BF4B-00C04F79EFBC}") = "CSCAssignment", "CSCAssignment\CSCAssignment.csproj", "{B233EE54-5570-48DF-8244-D05CE5FC959E}"
EndProject
Global
	GlobalSection(SolutionConfigurationPlatforms) = preSolution
		Debug|Any CPU = Debug|Any CPU
		Release|Any CPU = Release|Any CPU
	EndGlobalSection
	GlobalSection(ProjectConfigurationPlatforms) = postSolution
		{B233EE54-5570-48DF-8244-D05CE5FC959E}.Debug|Any CPU.ActiveCfg = Debug|Any CPU
		{B233EE54-5570-48DF-8244-D05CE5FC959E}.Debug|Any CPU.Build.0 = Debug|Any CPU
		{B233EE54-5570-48DF-8244-D05CE5FC959E}.Release|Any CPU.ActiveCfg = Release|Any CPU
		{B233EE54-5570-48DF-8244-D05CE5FC959E}.Release|Any CPU.Build.0 = Release|Any CPU
	EndGlobalSection
	GlobalSection(SolutionProperties) = preSolution
		HideSolutionNode = FALSE
	EndGlobalSection
	GlobalSection(ExtensibilityGlobals) = postSolution
		SolutionGuid = {4F17CB91-40F6-4170-A3EC-33B977F04B62}
	EndGlobalSection
EndGlobal
